
Microsoft Visual Studio Solution File, Format Version 12.00
# Visual Studio Version 16
VisualStudioVersion = 16.0.31624.102
MinimumVisualStudioVersion = 10.0.40219.1
Project("{FAE04EC0-301F-11D3-BF4B-00C04F79EFBC}") = "QueueManager", "QueueManager\QueueManager.csproj", "{7F7132FB-87FD-493B-9FCC-F2FD63A0275A}"
EndProject
Project("{FAE04EC0-301F-11D3-BF4B-00C04F79EFBC}") = "QueueAPI", "QueueAPI\QueueAPI.csproj", "{58764D19-4EDA-4004-928D-767A859B81FD}"
EndProject
Global
	GlobalSection(SolutionConfigurationPlatforms) = preSolution
		Debug|Any CPU = Debug|Any CPU
		Release|Any CPU = Release|Any CPU
	EndGlobalSection
	GlobalSection(ProjectConfigurationPlatforms) = postSolution
		{7F7132FB-87FD-493B-9FCC-F2FD63A0275A}.Debug|Any CPU.ActiveCfg = Debug|Any CPU
		{7F7132FB-87FD-493B-9FCC-F2FD63A0275A}.Debug|Any CPU.Build.0 = Debug|Any CPU
		{7F7132FB-87FD-493B-9FCC-F2FD63A0275A}.Release|Any CPU.ActiveCfg = Release|Any CPU
		{7F7132FB-87FD-493B-9FCC-F2FD63A0275A}.Release|Any CPU.Build.0 = Release|Any CPU
		{58764D19-4EDA-4004-928D-767A859B81FD}.Debug|Any CPU.ActiveCfg = Debug|Any CPU
		{58764D19-4EDA-4004-928D-767A859B81FD}.Debug|Any CPU.Build.0 = Debug|Any CPU
		{58764D19-4EDA-4004-928D-767A859B81FD}.Release|Any CPU.ActiveCfg = Release|Any CPU
		{58764D19-4EDA-4004-928D-767A859B81FD}.Release|Any CPU.Build.0 = Release|Any CPU
	EndGlobalSection
	GlobalSection(SolutionProperties) = preSolution
		HideSolutionNode = FALSE
	EndGlobalSection
	GlobalSection(ExtensibilityGlobals) = postSolution
		SolutionGuid = {86665B2F-6699-4826-AE4F-9341265A3BB6}
	EndGlobalSection
EndGlobal
